
Microsoft Visual Studio Solution File, Format Version 12.00
# Visual Studio Version 17
VisualStudioVersion = 17.9.34622.214
MinimumVisualStudioVersion = 10.0.40219.1
Project("{FAE04EC0-301F-11D3-BF4B-00C04F79EFBC}") = "lab1", "lab1\lab1.csproj", "{3C2D2E99-1193-4D67-B3A3-F4AB7409C6FB}"
EndProject
Global
	GlobalSection(SolutionConfigurationPlatforms) = preSolution
		Debug|Any CPU = Debug|Any CPU
		Release|Any CPU = Release|Any CPU
	EndGlobalSection
	GlobalSection(ProjectConfigurationPlatforms) = postSolution
		{3C2D2E99-1193-4D67-B3A3-F4AB7409C6FB}.Debug|Any CPU.ActiveCfg = Debug|Any CPU
		{3C2D2E99-1193-4D67-B3A3-F4AB7409C6FB}.Debug|Any CPU.Build.0 = Debug|Any CPU
		{3C2D2E99-1193-4D67-B3A3-F4AB7409C6FB}.Release|Any CPU.ActiveCfg = Release|Any CPU
		{3C2D2E99-1193-4D67-B3A3-F4AB7409C6FB}.Release|Any CPU.Build.0 = Release|Any CPU
	EndGlobalSection
	GlobalSection(SolutionProperties) = preSolution
		HideSolutionNode = FALSE
	EndGlobalSection
	GlobalSection(ExtensibilityGlobals) = postSolution
		SolutionGuid = {A18B452E-317B-4B0D-A25A-118A272F6A29}
	EndGlobalSection
EndGlobal
